
Microsoft Visual Studio Solution File, Format Version 9.00
# Visual Studio 2005
Project("{FAE04EC0-301F-11D3-BF4B-00C04F79EFBC}") = "TREC_Corpus", "TREC_Corpus\TREC_Corpus.csproj", "{78E380FB-0B2B-4162-82C6-8B137BD52C15}"
EndProject
Project("{FAE04EC0-301F-11D3-BF4B-00C04F79EFBC}") = "Phrase_Detection", "..\..\MasterSW\Personalization\Phrase_Detection\Phrase_Detection.csproj", "{CA68712D-6934-4948-A403-5EC3B16496F9}"
EndProject
Project("{FAE04EC0-301F-11D3-BF4B-00C04F79EFBC}") = "Word_Sense_Disambiguation", "..\..\MasterSW\Personalization\Word_Sense_Disambiguation\Word_Sense_Disambiguation.csproj", "{45BEF551-8259-4FE0-8EC6-B9CF4538CA70}"
EndProject
Global
	GlobalSection(SolutionConfigurationPlatforms) = preSolution
		Debug|Any CPU = Debug|Any CPU
		Release|Any CPU = Release|Any CPU
	EndGlobalSection
	GlobalSection(ProjectConfigurationPlatforms) = postSolution
		{78E380FB-0B2B-4162-82C6-8B137BD52C15}.Debug|Any CPU.ActiveCfg = Debug|Any CPU
		{78E380FB-0B2B-4162-82C6-8B137BD52C15}.Debug|Any CPU.Build.0 = Debug|Any CPU
		{78E380FB-0B2B-4162-82C6-8B137BD52C15}.Release|Any CPU.ActiveCfg = Release|Any CPU
		{78E380FB-0B2B-4162-82C6-8B137BD52C15}.Release|Any CPU.Build.0 = Release|Any CPU
		{CA68712D-6934-4948-A403-5EC3B16496F9}.Debug|Any CPU.ActiveCfg = Debug|Any CPU
		{CA68712D-6934-4948-A403-5EC3B16496F9}.Debug|Any CPU.Build.0 = Debug|Any CPU
		{CA68712D-6934-4948-A403-5EC3B16496F9}.Release|Any CPU.ActiveCfg = Release|Any CPU
		{CA68712D-6934-4948-A403-5EC3B16496F9}.Release|Any CPU.Build.0 = Release|Any CPU
		{45BEF551-8259-4FE0-8EC6-B9CF4538CA70}.Debug|Any CPU.ActiveCfg = Debug|Any CPU
		{45BEF551-8259-4FE0-8EC6-B9CF4538CA70}.Debug|Any CPU.Build.0 = Debug|Any CPU
		{45BEF551-8259-4FE0-8EC6-B9CF4538CA70}.Release|Any CPU.ActiveCfg = Release|Any CPU
		{45BEF551-8259-4FE0-8EC6-B9CF4538CA70}.Release|Any CPU.Build.0 = Release|Any CPU
	EndGlobalSection
	GlobalSection(SolutionProperties) = preSolution
		HideSolutionNode = FALSE
	EndGlobalSection
EndGlobal
